
Microsoft Visual Studio Solution File, Format Version 12.00
# Visual Studio Version 17
VisualStudioVersion = 17.5.33516.290
MinimumVisualStudioVersion = 10.0.40219.1
Project("{FAE04EC0-301F-11D3-BF4B-00C04F79EFBC}") = "NotificationService", "NotificationService.csproj", "{0EA6A1DA-1E0B-4CE4-81E6-B2E5561574EE}"
EndProject
Global
	GlobalSection(SolutionConfigurationPlatforms) = preSolution
		Debug|Any CPU = Debug|Any CPU
		Release|Any CPU = Release|Any CPU
	EndGlobalSection
	GlobalSection(ProjectConfigurationPlatforms) = postSolution
		{0EA6A1DA-1E0B-4CE4-81E6-B2E5561574EE}.Debug|Any CPU.ActiveCfg = Debug|Any CPU
		{0EA6A1DA-1E0B-4CE4-81E6-B2E5561574EE}.Debug|Any CPU.Build.0 = Debug|Any CPU
		{0EA6A1DA-1E0B-4CE4-81E6-B2E5561574EE}.Release|Any CPU.ActiveCfg = Release|Any CPU
		{0EA6A1DA-1E0B-4CE4-81E6-B2E5561574EE}.Release|Any CPU.Build.0 = Release|Any CPU
	EndGlobalSection
	GlobalSection(SolutionProperties) = preSolution
		HideSolutionNode = FALSE
	EndGlobalSection
	GlobalSection(ExtensibilityGlobals) = postSolution
		SolutionGuid = {65468D75-5972-42DB-AA40-6858B126F7CB}
	EndGlobalSection
EndGlobal
