
Microsoft Visual Studio Solution File, Format Version 12.00
# Visual Studio Version 17
VisualStudioVersion = 17.5.33516.290
MinimumVisualStudioVersion = 10.0.40219.1
Project("{FAE04EC0-301F-11D3-BF4B-00C04F79EFBC}") = "ContractService", "ContractService.csproj", "{4CFCF900-AE59-4DE2-8396-12FE36F99BF7}"
EndProject
Global
	GlobalSection(SolutionConfigurationPlatforms) = preSolution
		Debug|Any CPU = Debug|Any CPU
		Release|Any CPU = Release|Any CPU
	EndGlobalSection
	GlobalSection(ProjectConfigurationPlatforms) = postSolution
		{4CFCF900-AE59-4DE2-8396-12FE36F99BF7}.Debug|Any CPU.ActiveCfg = Debug|Any CPU
		{4CFCF900-AE59-4DE2-8396-12FE36F99BF7}.Debug|Any CPU.Build.0 = Debug|Any CPU
		{4CFCF900-AE59-4DE2-8396-12FE36F99BF7}.Release|Any CPU.ActiveCfg = Release|Any CPU
		{4CFCF900-AE59-4DE2-8396-12FE36F99BF7}.Release|Any CPU.Build.0 = Release|Any CPU
	EndGlobalSection
	GlobalSection(SolutionProperties) = preSolution
		HideSolutionNode = FALSE
	EndGlobalSection
	GlobalSection(ExtensibilityGlobals) = postSolution
		SolutionGuid = {5C30AA61-F31E-4AA2-B5E9-EA002F06090C}
	EndGlobalSection
EndGlobal
