
Microsoft Visual Studio Solution File, Format Version 12.00
# Visual Studio Version 17
VisualStudioVersion = 17.5.33414.496
MinimumVisualStudioVersion = 10.0.40219.1
Project("{9A19103F-16F7-4668-BE54-9A1E7A4F7556}") = "DataAdapter.Contracts", "DataAdapter.Contracts\DataAdapter.Contracts.csproj", "{A610C14D-53E6-4237-87D2-B1C06B3385E8}"
EndProject
Project("{FAE04EC0-301F-11D3-BF4B-00C04F79EFBC}") = "DataAdapter.MsSqlServer", "DataAdapter.MsSqlServer\DataAdapter.MsSqlServer.csproj", "{00CFFC7B-A650-493B-819E-D4C1736A8960}"
EndProject
Project("{FAE04EC0-301F-11D3-BF4B-00C04F79EFBC}") = "DebugConsole", "DebugConsole\DebugConsole.csproj", "{08376A62-3F89-4EC7-9328-02BEBF1ADCA6}"
EndProject
Global
	GlobalSection(SolutionConfigurationPlatforms) = preSolution
		Debug|Any CPU = Debug|Any CPU
		Release|Any CPU = Release|Any CPU
	EndGlobalSection
	GlobalSection(ProjectConfigurationPlatforms) = postSolution
		{A610C14D-53E6-4237-87D2-B1C06B3385E8}.Debug|Any CPU.ActiveCfg = Debug|Any CPU
		{A610C14D-53E6-4237-87D2-B1C06B3385E8}.Debug|Any CPU.Build.0 = Debug|Any CPU
		{A610C14D-53E6-4237-87D2-B1C06B3385E8}.Release|Any CPU.ActiveCfg = Release|Any CPU
		{A610C14D-53E6-4237-87D2-B1C06B3385E8}.Release|Any CPU.Build.0 = Release|Any CPU
		{00CFFC7B-A650-493B-819E-D4C1736A8960}.Debug|Any CPU.ActiveCfg = Debug|Any CPU
		{00CFFC7B-A650-493B-819E-D4C1736A8960}.Debug|Any CPU.Build.0 = Debug|Any CPU
		{00CFFC7B-A650-493B-819E-D4C1736A8960}.Release|Any CPU.ActiveCfg = Release|Any CPU
		{00CFFC7B-A650-493B-819E-D4C1736A8960}.Release|Any CPU.Build.0 = Release|Any CPU
		{08376A62-3F89-4EC7-9328-02BEBF1ADCA6}.Debug|Any CPU.ActiveCfg = Debug|Any CPU
		{08376A62-3F89-4EC7-9328-02BEBF1ADCA6}.Debug|Any CPU.Build.0 = Debug|Any CPU
		{08376A62-3F89-4EC7-9328-02BEBF1ADCA6}.Release|Any CPU.ActiveCfg = Release|Any CPU
		{08376A62-3F89-4EC7-9328-02BEBF1ADCA6}.Release|Any CPU.Build.0 = Release|Any CPU
	EndGlobalSection
	GlobalSection(SolutionProperties) = preSolution
		HideSolutionNode = FALSE
	EndGlobalSection
	GlobalSection(ExtensibilityGlobals) = postSolution
		SolutionGuid = {3620EEB3-77A6-4214-8BD6-9040AD5AA355}
	EndGlobalSection
EndGlobal
